
Microsoft Visual Studio Solution File, Format Version 12.00
# Visual Studio Version 17
VisualStudioVersion = 17.6.33723.286
MinimumVisualStudioVersion = 10.0.40219.1
Project("{9A19103F-16F7-4668-BE54-9A1E7A4F7556}") = "NZWalks.API", "NZWalks.API\NZWalks.API.csproj", "{1C3FC7B6-71AA-4EE1-81BD-DE8FA4CFFA7A}"
EndProject
Project("{FAE04EC0-301F-11D3-BF4B-00C04F79EFBC}") = "NZWalk.UI", "NZWalk.UI\NZWalk.UI.csproj", "{AD33BDBC-64EA-4728-8745-289DC633446B}"
EndProject
Global
	GlobalSection(SolutionConfigurationPlatforms) = preSolution
		Debug|Any CPU = Debug|Any CPU
		Release|Any CPU = Release|Any CPU
	EndGlobalSection
	GlobalSection(ProjectConfigurationPlatforms) = postSolution
		{1C3FC7B6-71AA-4EE1-81BD-DE8FA4CFFA7A}.Debug|Any CPU.ActiveCfg = Debug|Any CPU
		{1C3FC7B6-71AA-4EE1-81BD-DE8FA4CFFA7A}.Debug|Any CPU.Build.0 = Debug|Any CPU
		{1C3FC7B6-71AA-4EE1-81BD-DE8FA4CFFA7A}.Release|Any CPU.ActiveCfg = Release|Any CPU
		{1C3FC7B6-71AA-4EE1-81BD-DE8FA4CFFA7A}.Release|Any CPU.Build.0 = Release|Any CPU
		{AD33BDBC-64EA-4728-8745-289DC633446B}.Debug|Any CPU.ActiveCfg = Debug|Any CPU
		{AD33BDBC-64EA-4728-8745-289DC633446B}.Debug|Any CPU.Build.0 = Debug|Any CPU
		{AD33BDBC-64EA-4728-8745-289DC633446B}.Release|Any CPU.ActiveCfg = Release|Any CPU
		{AD33BDBC-64EA-4728-8745-289DC633446B}.Release|Any CPU.Build.0 = Release|Any CPU
	EndGlobalSection
	GlobalSection(SolutionProperties) = preSolution
		HideSolutionNode = FALSE
	EndGlobalSection
	GlobalSection(ExtensibilityGlobals) = postSolution
		SolutionGuid = {59080B01-E187-4D6F-ACF8-F14A592AF818}
	EndGlobalSection
EndGlobal
